{
  "name": "webpack-rails-example",
  "version": "0.0.1",
  "lockfileVersion": 1,
  "dependencies": {
    "bootstrap-select": {
      "version": "1.12.2",
      "resolved": "https://registry.npmjs.org/bootstrap-select/-/bootstrap-select-1.12.2.tgz",
      "integrity": "sha1-WNCVs/1YSzFEOGb745tv3U5OEqQ="
    },
    "jquery": {
      "version": "3.2.1",
      "resolved": "https://registry.npmjs.org/jquery/-/jquery-3.2.1.tgz",
      "integrity": "sha1-XE2d5lKvbNCncBVKYxu6ErAVx4c="
    },
    "react-hamburger-menu": {
      "version": "0.0.4",
      "resolved": "https://registry.npmjs.org/react-hamburger-menu/-/react-hamburger-menu-0.0.4.tgz",
      "integrity": "sha1-8X4MXseLQkeJQT6DRqWbNvtOpEE="
    }
  }
}
